
Microsoft Visual Studio Solution File, Format Version 12.00
# Visual Studio Version 17
VisualStudioVersion = 17.4.33110.190
MinimumVisualStudioVersion = 10.0.40219.1
Project("{FAE04EC0-301F-11D3-BF4B-00C04F79EFBC}") = "WpfThreadSafe", "WpfThreadSafe\WpfThreadSafe.csproj", "{055DD91C-413D-46B7-AA62-09C77CDEDA65}"
EndProject
Global
	GlobalSection(SolutionConfigurationPlatforms) = preSolution
		Debug|Any CPU = Debug|Any CPU
		Release|Any CPU = Release|Any CPU
	EndGlobalSection
	GlobalSection(ProjectConfigurationPlatforms) = postSolution
		{055DD91C-413D-46B7-AA62-09C77CDEDA65}.Debug|Any CPU.ActiveCfg = Debug|Any CPU
		{055DD91C-413D-46B7-AA62-09C77CDEDA65}.Debug|Any CPU.Build.0 = Debug|Any CPU
		{055DD91C-413D-46B7-AA62-09C77CDEDA65}.Release|Any CPU.ActiveCfg = Release|Any CPU
		{055DD91C-413D-46B7-AA62-09C77CDEDA65}.Release|Any CPU.Build.0 = Release|Any CPU
	EndGlobalSection
	GlobalSection(SolutionProperties) = preSolution
		HideSolutionNode = FALSE
	EndGlobalSection
	GlobalSection(ExtensibilityGlobals) = postSolution
		SolutionGuid = {1EFF628E-9270-40E6-98BD-FAF76EF079CC}
	EndGlobalSection
EndGlobal
